
Microsoft Visual Studio Solution File, Format Version 12.00
# Visual Studio Version 17
VisualStudioVersion = 17.0.31903.59
MinimumVisualStudioVersion = 10.0.40219.1
Project("{FAE04EC0-301F-11D3-BF4B-00C04F79EFBC}") = "API", "API\API.csproj", "{1A407C64-B80B-4C47-BA9A-4444020F9EB3}"
EndProject
Project("{FAE04EC0-301F-11D3-BF4B-00C04F79EFBC}") = "Core", "Core\Core.csproj", "{2624F0AC-8EFD-4752-BBE5-4330584BE92E}"
EndProject
Project("{FAE04EC0-301F-11D3-BF4B-00C04F79EFBC}") = "Infrastructure", "Infrastructure\Infrastructure.csproj", "{DD94B437-9602-4D77-B3C8-66A44BC4882F}"
EndProject
Global
	GlobalSection(SolutionConfigurationPlatforms) = preSolution
		Debug|Any CPU = Debug|Any CPU
		Release|Any CPU = Release|Any CPU
	EndGlobalSection
	GlobalSection(SolutionProperties) = preSolution
		HideSolutionNode = FALSE
	EndGlobalSection
	GlobalSection(ProjectConfigurationPlatforms) = postSolution
		{1A407C64-B80B-4C47-BA9A-4444020F9EB3}.Debug|Any CPU.ActiveCfg = Debug|Any CPU
		{1A407C64-B80B-4C47-BA9A-4444020F9EB3}.Debug|Any CPU.Build.0 = Debug|Any CPU
		{1A407C64-B80B-4C47-BA9A-4444020F9EB3}.Release|Any CPU.ActiveCfg = Release|Any CPU
		{1A407C64-B80B-4C47-BA9A-4444020F9EB3}.Release|Any CPU.Build.0 = Release|Any CPU
		{2624F0AC-8EFD-4752-BBE5-4330584BE92E}.Debug|Any CPU.ActiveCfg = Debug|Any CPU
		{2624F0AC-8EFD-4752-BBE5-4330584BE92E}.Debug|Any CPU.Build.0 = Debug|Any CPU
		{2624F0AC-8EFD-4752-BBE5-4330584BE92E}.Release|Any CPU.ActiveCfg = Release|Any CPU
		{2624F0AC-8EFD-4752-BBE5-4330584BE92E}.Release|Any CPU.Build.0 = Release|Any CPU
		{DD94B437-9602-4D77-B3C8-66A44BC4882F}.Debug|Any CPU.ActiveCfg = Debug|Any CPU
		{DD94B437-9602-4D77-B3C8-66A44BC4882F}.Debug|Any CPU.Build.0 = Debug|Any CPU
		{DD94B437-9602-4D77-B3C8-66A44BC4882F}.Release|Any CPU.ActiveCfg = Release|Any CPU
		{DD94B437-9602-4D77-B3C8-66A44BC4882F}.Release|Any CPU.Build.0 = Release|Any CPU
	EndGlobalSection
EndGlobal
